# THIS IS AN AUTOGENERATED FILE. DO NOT EDIT THIS FILE DIRECTLY.
# yarn lockfile v1


"@tensorflow/tfjs-converter@1.2.9":
  version "1.2.9"
  resolved "https://registry.yarnpkg.com/@tensorflow/tfjs-converter/-/tfjs-converter-1.2.9.tgz#4774dd9447ac81c0c6776f9fd186374b9fa3bf1a"
  integrity sha512-OKmiuZicIgadT3Bv9BvM+oom7wRz9eC5rTglQnuv7VN9H0syFVuhf5oD1Ff70tGDhJjJgL+cPz01fZRxTXjRWA==

"@tensorflow/tfjs-core@1.2.9":
  version "1.2.9"
  resolved "https://registry.yarnpkg.com/@tensorflow/tfjs-core/-/tfjs-core-1.2.9.tgz#125830270a0bdd0e856914778a300c4ad6f51e21"
  integrity sha512-s0hHZSx6rGTlkkB8u8gs5n7sIPv1GXDNHmISRy+kqGzmlpkfI2kr6WXqOWQy6wFgjzopRD8cJQjBZ9USPZnYTQ==
  dependencies:
    "@types/offscreencanvas" "~2019.3.0"
    "@types/seedrandom" "2.4.27"
    "@types/webgl-ext" "0.0.30"
    "@types/webgl2" "0.0.4"
    node-fetch "~2.1.2"
    seedrandom "2.4.3"

"@tensorflow/tfjs-data@1.2.9":
  version "1.2.9"
  resolved "https://registry.yarnpkg.com/@tensorflow/tfjs-data/-/tfjs-data-1.2.9.tgz#54030a7990eb58d20288cab099d966d496710760"
  integrity sha512-Ti9Cj3pte9butuEsK5OPq0Lcqdi4wVUdtQXm0o7iYOZ0umseRzfbIb6zbdqucc2MQzOMTnRoxN+FL7LZmncsHg==
  dependencies:
    "@types/node-fetch" "^2.1.2"
    node-fetch "~2.1.2"

"@tensorflow/tfjs-layers@1.2.9":
  version "1.2.9"
  resolved "https://registry.yarnpkg.com/@tensorflow/tfjs-layers/-/tfjs-layers-1.2.9.tgz#d30d1bdfed228a07a3d4e9dcb9a6884031ae56e7"
  integrity sha512-OlXYaIb1rCk5dYmpaNsPEkO7R+T0oxfS3vQGIztNJB+YxrN8mwCu3hqgpbdKhAITiP+jxO0o+7bny8MsOCkOSQ==

"@tensorflow/tfjs-react-native@^0.1.0-alpha.2":
  version "0.1.0-alpha.2"
  resolved "https://registry.yarnpkg.com/@tensorflow/tfjs-react-native/-/tfjs-react-native-0.1.0-alpha.2.tgz#83e4efd6b8ff4e454df6cb3ccc56330b7547b5be"
  integrity sha512-VRatwALllGbJuo/8dov9LmGcmwcNItQwc8YEnQDLnEw4x5rpCSfcigvKmm0J4EcdFHgzh65j0ODzbO00QK9Z1g==
  dependencies:
    base64-js "^1.3.0"
    buffer "^5.2.1"

"@tensorflow/tfjs@^1.2.9":
  version "1.2.9"
  resolved "https://registry.yarnpkg.com/@tensorflow/tfjs/-/tfjs-1.2.9.tgz#120f55a2826f71a5816e02b5bc0311fd583beedb"
  integrity sha512-9UAQnSp638FyM5eedYEM+j2R7VcNajiFmkeT5EXtf7YIurmMFNEm1sbajKJx7/ckz31YcYrVoUPc/iLhhDQl2A==
  dependencies:
    "@tensorflow/tfjs-converter" "1.2.9"
    "@tensorflow/tfjs-core" "1.2.9"
    "@tensorflow/tfjs-data" "1.2.9"
    "@tensorflow/tfjs-layers" "1.2.9"

"@types/node-fetch@^2.1.2":
  version "2.5.1"
  resolved "https://registry.yarnpkg.com/@types/node-fetch/-/node-fetch-2.5.1.tgz#9e4daffa983eb098d25c2cb410c949678f3aee78"
  integrity sha512-nYsC20tHanaNa4coFvCDcuIvtdvu8YkQz0XQOoBHL1X1y1QxeNe73dg1PaLGqsJNWiVwK0bjn5Jf+ZQpE6acJg==
  dependencies:
    "@types/node" "*"

"@types/node@*":
  version "12.7.5"
  resolved "https://registry.yarnpkg.com/@types/node/-/node-12.7.5.tgz#e19436e7f8e9b4601005d73673b6dc4784ffcc2f"
  integrity sha512-9fq4jZVhPNW8r+UYKnxF1e2HkDWOWKM5bC2/7c9wPV835I0aOrVbS/Hw/pWPk2uKrNXQqg9Z959Kz+IYDd5p3w==

"@types/offscreencanvas@~2019.3.0":
  version "2019.3.0"
  resolved "https://registry.yarnpkg.com/@types/offscreencanvas/-/offscreencanvas-2019.3.0.tgz#3336428ec7e9180cf4566dfea5da04eb586a6553"
  integrity sha512-esIJx9bQg+QYF0ra8GnvfianIY8qWB0GBx54PK5Eps6m+xTj86KLavHv6qDhzKcu5UUOgNfJ2pWaIIV7TRUd9Q==

"@types/seedrandom@2.4.27":
  version "2.4.27"
  resolved "https://registry.yarnpkg.com/@types/seedrandom/-/seedrandom-2.4.27.tgz#9db563937dd86915f69092bc43259d2f48578e41"
  integrity sha1-nbVjk33YaRX2kJK8QyWdL0hXjkE=

"@types/webgl-ext@0.0.30":
  version "0.0.30"
  resolved "https://registry.yarnpkg.com/@types/webgl-ext/-/webgl-ext-0.0.30.tgz#0ce498c16a41a23d15289e0b844d945b25f0fb9d"
  integrity sha512-LKVgNmBxN0BbljJrVUwkxwRYqzsAEPcZOe6S2T6ZaBDIrFp0qu4FNlpc5sM1tGbXUYFgdVQIoeLk1Y1UoblyEg==

"@types/webgl2@0.0.4":
  version "0.0.4"
  resolved "https://registry.yarnpkg.com/@types/webgl2/-/webgl2-0.0.4.tgz#c3b0f9d6b465c66138e84e64cb3bdf8373c2c279"
  integrity sha512-PACt1xdErJbMUOUweSrbVM7gSIYm1vTncW2hF6Os/EeWi6TXYAYMPp+8v6rzHmypE5gHrxaxZNXgMkJVIdZpHw==

"@unimodules/core@~4.0.0":
  version "4.0.0"
  resolved "https://registry.yarnpkg.com/@unimodules/core/-/core-4.0.0.tgz#898dafa5a121e7d6d7d4acd9c0c38d12f7da5b19"
  integrity sha512-lHxRmCG9DK3/aA2lnBKPS32K95NpYE10mZQRp5dycSptgN0DIeWWHuE01SndcSUACGyEP+tDO+DnGo8mhLlt4Q==
  dependencies:
    compare-versions "^3.4.0"

"@unimodules/react-native-adapter@~5.0.0-alpha.0":
  version "5.0.0-alpha.0"
  resolved "https://registry.yarnpkg.com/@unimodules/react-native-adapter/-/react-native-adapter-5.0.0-alpha.0.tgz#cb9c90550ceee5359e9899c99aa1c9e20a931954"
  integrity sha512-qPF92DiSDMoOmdxb/i6+XEAqLR7+4RZgi2HmPMlqh2oTBQIlrAcM7JQVsIDFkmtcVAzdy4VPzJpFDSJW67My3A==
  dependencies:
    invariant "^2.2.4"
    lodash "^4.5.0"
    prop-types "^15.6.1"

ansi-styles@^3.2.1:
  version "3.2.1"
  resolved "https://registry.yarnpkg.com/ansi-styles/-/ansi-styles-3.2.1.tgz#41fbb20243e50b12be0f04b8dedbf07520ce841d"
  integrity sha512-VT0ZI6kZRdTh8YyJw3SMbYm/u+NqfsAxEpWO0Pf9sq8/e94WxxOpPKx9FR1FlyCtOVDNOQ+8ntlqFxiRc+r5qA==
  dependencies:
    color-convert "^1.9.0"

base64-js@^1.0.2, base64-js@^1.3.0:
  version "1.3.1"
  resolved "https://registry.yarnpkg.com/base64-js/-/base64-js-1.3.1.tgz#58ece8cb75dd07e71ed08c736abc5fac4dbf8df1"
  integrity sha512-mLQ4i2QO1ytvGWFWmcngKO//JXAQueZvwEKtjgQFM4jIK0kU+ytMfplL8j+n5mspOfjHwoAg+9yhb7BwAHm36g==

blueimp-md5@^2.10.0:
  version "2.12.0"
  resolved "https://registry.yarnpkg.com/blueimp-md5/-/blueimp-md5-2.12.0.tgz#be7367938a889dec3ffbb71138617c117e9c130a"
  integrity sha512-zo+HIdIhzojv6F1siQPqPFROyVy7C50KzHv/k/Iz+BtvtVzSHXiMXOpq2wCfNkeBqdCv+V8XOV96tsEt2W/3rQ==

buffer@^5.2.1:
  version "5.4.3"
  resolved "https://registry.yarnpkg.com/buffer/-/buffer-5.4.3.tgz#3fbc9c69eb713d323e3fc1a895eee0710c072115"
  integrity sha512-zvj65TkFeIt3i6aj5bIvJDzjjQQGs4o/sNoezg1F1kYap9Nu2jcUdpwzRSJTHMMzG0H7bZkn4rNQpImhuxWX2A==
  dependencies:
    base64-js "^1.0.2"
    ieee754 "^1.1.4"

chalk@^2.4.2:
  version "2.4.2"
  resolved "https://registry.yarnpkg.com/chalk/-/chalk-2.4.2.tgz#cd42541677a54333cf541a49108c1432b44c9424"
  integrity sha512-Mti+f9lpJNcwF4tWV8/OrTTtF1gZi+f8FqlyAdouralcFWFQWF2+NgCHShjkCb+IFBLq9buZwE1xckQU4peSuQ==
  dependencies:
    ansi-styles "^3.2.1"
    escape-string-regexp "^1.0.5"
    supports-color "^5.3.0"

color-convert@^1.9.0:
  version "1.9.3"
  resolved "https://registry.yarnpkg.com/color-convert/-/color-convert-1.9.3.tgz#bb71850690e1f136567de629d2d5471deda4c1e8"
  integrity sha512-QfAUtd+vFdAtFQcC8CCyYt1fYWxSqAiK2cSD6zDB8N3cpsEBAvRxp9zOGg6G/SHHJYAT88/az/IuDGALsNVbGg==
  dependencies:
    color-name "1.1.3"

color-name@1.1.3:
  version "1.1.3"
  resolved "https://registry.yarnpkg.com/color-name/-/color-name-1.1.3.tgz#a7d0558bd89c42f795dd42328f740831ca53bc25"
  integrity sha1-p9BVi9icQveV3UIyj3QIMcpTvCU=

compare-versions@^3.4.0:
  version "3.5.1"
  resolved "https://registry.yarnpkg.com/compare-versions/-/compare-versions-3.5.1.tgz#26e1f5cf0d48a77eced5046b9f67b6b61075a393"
  integrity sha512-9fGPIB7C6AyM18CJJBHt5EnCZDG3oiTJYy0NjfIAGjKpzv0tkxWko7TNQHF5ymqm7IH03tqmeuBxtvD+Izh6mg==

escape-string-regexp@^1.0.5:
  version "1.0.5"
  resolved "https://registry.yarnpkg.com/escape-string-regexp/-/escape-string-regexp-1.0.5.tgz#1b61c0562190a8dff6ae3bb2cf0200ca130b86d4"
  integrity sha1-G2HAViGQqN/2rjuyzwIAyhMLhtQ=

expo-app-loader-provider@~7.0.0:
  version "7.0.0"
  resolved "https://registry.yarnpkg.com/expo-app-loader-provider/-/expo-app-loader-provider-7.0.0.tgz#9bfff831a204d0a8896e0120bce2209c4304ef03"
  integrity sha512-C+5zpZN2T7PCj7weLs/ZgAC+y9dvu0VdTXD00Jf9Wo7Pxu/lsLh6ljg9JL91c+2tYDzMEODPNmT+JOUIxAr5zQ==

expo-asset@~7.0.0:
  version "7.0.0"
  resolved "https://registry.yarnpkg.com/expo-asset/-/expo-asset-7.0.0.tgz#6d2ba460dd43807f40580199c0b76c508eb1ca63"
  integrity sha512-MwWrlpzaZqT0NU0V3Wn8oA1pMb7Al49aYAWMPEUZ2UV5NyVAbzYPuS2duIfwX55ivczjJZHpwrhd0hb/3l9ngQ==
  dependencies:
    blueimp-md5 "^2.10.0"
    path-browserify "^1.0.0"
    url-parse "^1.4.4"

expo-constants@~7.0.0:
  version "7.0.0"
  resolved "https://registry.yarnpkg.com/expo-constants/-/expo-constants-7.0.0.tgz#668c3ec0100e219522ffd9515ec47fadfccd443d"
  integrity sha512-oLINuMtGcAwfHGInSVhq6xGojp3atUpSIp7KImo9rqXhWwD5FNmqA5Jflo4J0ODPq590kN5ieiYCCqwls2/u0w==
  dependencies:
    ua-parser-js "^0.7.19"

expo-file-system@~7.0.0:
  version "7.0.0"
  resolved "https://registry.yarnpkg.com/expo-file-system/-/expo-file-system-7.0.0.tgz#ac98233b18774cce299fffd9451f08f21b116564"
  integrity sha512-ignf5Vf5cPDYO/4HgUkgnL574wMbCNxyazlOvBgV34rLGJzBbFsn++hqC7njr2VTpIIXh2G9vp1+8g6cvsQdqA==
  dependencies:
    uuid-js "^0.7.5"

expo-gl-cpp@~7.0.0:
  version "7.0.0"
  resolved "https://registry.yarnpkg.com/expo-gl-cpp/-/expo-gl-cpp-7.0.0.tgz#32759148babec289becaa75773ec93b7fd07bfc1"
  integrity sha512-GACZgbBp6C5mTSH58qImJIBhPztfSwqHzfpFeBWszqivG0yPXXaKpZO+t9A5iyPR661/u1Dw6WPJw9SDZ7T4Tw==

expo-gl@^7.0.0:
  version "7.0.0"
  resolved "https://registry.yarnpkg.com/expo-gl/-/expo-gl-7.0.0.tgz#e4a3ea6f5e7b5d8593bbfcf8e44c50d2d39f2422"
  integrity sha512-UKBF0c+3SuktX754MbEJ6absuvtb0Q6PvO2UkIUuvrOxsTDbH6396+fBNtb5hme69DEfUlR+BVkLfUmYmHs5ew==
  dependencies:
    expo-gl-cpp "~7.0.0"
    prop-types "^15.6.2"

expo-permissions@~7.0.0:
  version "7.0.0"
  resolved "https://registry.yarnpkg.com/expo-permissions/-/expo-permissions-7.0.0.tgz#f4135c3cf8e49c673a9a714459a1eb2b40fe2092"
  integrity sha512-C+qyVz+pdZO4YpVR2HSC3gsBZg0Qb8brCFgzmDmWcAtgrOiHClaLPdhI2XtQuGh8ubXcKPUGZp++UCEGiG0Jxg==

has-flag@^3.0.0:
  version "3.0.0"
  resolved "https://registry.yarnpkg.com/has-flag/-/has-flag-3.0.0.tgz#b5d454dc2199ae225699f3467e5a07f3b955bafd"
  integrity sha1-tdRU3CGZriJWmfNGfloH87lVuv0=

hoist-non-react-statics@^2.3.1:
  version "2.5.5"
  resolved "https://registry.yarnpkg.com/hoist-non-react-statics/-/hoist-non-react-statics-2.5.5.tgz#c5903cf409c0dfd908f388e619d86b9c1174cb47"

ieee754@^1.1.4:
  version "1.1.13"
  resolved "https://registry.yarnpkg.com/ieee754/-/ieee754-1.1.13.tgz#ec168558e95aa181fd87d37f55c32bbcb6708b84"
  integrity sha512-4vf7I2LYV/HaWerSo3XmlMkp5eZ83i+/CDluXi/IGTs/O1sejBNhTtnxzmRZfvOUqj7lZjqHkeTvpgSFDlWZTg==

invariant@^2.2.4:
  version "2.2.4"
  resolved "https://registry.yarnpkg.com/invariant/-/invariant-2.2.4.tgz#610f3c92c9359ce1db616e538008d23ff35158e6"
  integrity sha512-phJfQVBuaJM5raOpJjSfkiD6BpbCE4Ns//LaXl6wGYtUBY83nWS6Rf9tXm2e8VaK60JEjYldbPif/A2B1C2gNA==
  dependencies:
    loose-envify "^1.0.0"

"js-tokens@^3.0.0 || ^4.0.0":
  version "4.0.0"
  resolved "https://registry.yarnpkg.com/js-tokens/-/js-tokens-4.0.0.tgz#19203fb59991df98e3a287050d4647cdeaf32499"
  integrity sha512-RdJUflcE3cUzKiMqQgsCu06FPu9UdIJO0beYbPhHN4k6apgJtifcoCtT9bcxOpYBtpD2kCM6Sbzg4CausW/PKQ==

lodash@^4.5.0:
  version "4.17.15"
  resolved "https://registry.yarnpkg.com/lodash/-/lodash-4.17.15.tgz#b447f6670a0455bbfeedd11392eff330ea097548"
  integrity sha512-8xOcRHvCjnocdS5cpwXQXVzmmh5e5+saE2QGoeQmbKmRS6J3VQppPOIt0MnmE+4xlZoumy0GPG0D0MVIQbNA1A==

loose-envify@^1.0.0, loose-envify@^1.4.0:
  version "1.4.0"
  resolved "https://registry.yarnpkg.com/loose-envify/-/loose-envify-1.4.0.tgz#71ee51fa7be4caec1a63839f7e682d8132d30caf"
  integrity sha512-lyuxPGr/Wfhrlem2CL/UcnUc1zcqKAImBDzukY7Y5F/yQiNdko6+fRLevlw1HgMySw7f611UIY408EtxRSoK3Q==
  dependencies:
    js-tokens "^3.0.0 || ^4.0.0"

node-fetch@~2.1.2:
  version "2.1.2"
  resolved "https://registry.yarnpkg.com/node-fetch/-/node-fetch-2.1.2.tgz#ab884e8e7e57e38a944753cec706f788d1768bb5"
  integrity sha1-q4hOjn5X44qUR1POxwb3iNF2i7U=

object-assign@^4.1.1:
  version "4.1.1"
  resolved "https://registry.yarnpkg.com/object-assign/-/object-assign-4.1.1.tgz#2109adc7965887cfc05cbbd442cac8bfbb360863"
  integrity sha1-IQmtx5ZYh8/AXLvUQsrIv7s2CGM=

path-browserify@^1.0.0:
  version "1.0.0"
  resolved "https://registry.yarnpkg.com/path-browserify/-/path-browserify-1.0.0.tgz#40702a97af46ae00b0ea6fa8998c0b03c0af160d"
  integrity sha512-Hkavx/nY4/plImrZPHRk2CL9vpOymZLgEbMNX1U0bjcBL7QN9wODxyx0yaMZURSQaUtSEvDrfAvxa9oPb0at9g==

prop-types@^15.6.1, prop-types@^15.6.2:
  version "15.7.2"
  resolved "https://registry.yarnpkg.com/prop-types/-/prop-types-15.7.2.tgz#52c41e75b8c87e72b9d9360e0206b99dcbffa6c5"
  integrity sha512-8QQikdH7//R2vurIJSutZ1smHYTcLpRWEOlHnzcWHmBYrOGUysKwSsrC89BCiFj3CbrfJ/nXFdJepOVrY1GCHQ==
  dependencies:
    loose-envify "^1.4.0"
    object-assign "^4.1.1"
    react-is "^16.8.1"

querystringify@^2.1.1:
  version "2.1.1"
  resolved "https://registry.yarnpkg.com/querystringify/-/querystringify-2.1.1.tgz#60e5a5fd64a7f8bfa4d2ab2ed6fdf4c85bad154e"
  integrity sha512-w7fLxIRCRT7U8Qu53jQnJyPkYZIaR4n5151KMfcJlO/A9397Wxb1amJvROTK6TOnp7PfoAmg/qXiNHI+08jRfA==

react-is@^16.8.1:
  version "16.9.0"
  resolved "https://registry.yarnpkg.com/react-is/-/react-is-16.9.0.tgz#21ca9561399aad0ff1a7701c01683e8ca981edcb"
  integrity sha512-tJBzzzIgnnRfEm046qRcURvwQnZVXmuCbscxUO5RWrGTXpon2d4c8mI0D8WE6ydVIm29JiLB6+RslkIvym9Rjw==

react-native-popover-view@^2.0.5:
  version "2.0.5"
  resolved "https://registry.yarnpkg.com/react-native-popover-view/-/react-native-popover-view-2.0.5.tgz#402767a7ef791cb5ec5c035f51755e579b0eaee3"
  dependencies:
    react-native-safe-area-view "^0.14.6"

react-native-safe-area-view@^0.14.6:
  version "0.14.8"
  resolved "https://registry.yarnpkg.com/react-native-safe-area-view/-/react-native-safe-area-view-0.14.8.tgz#ef33c46ff8164ae77acad48c3039ec9c34873e5b"
  dependencies:
    hoist-non-react-statics "^2.3.1"

react-native-unimodules@^0.7.0-rc.1:
  version "0.7.0-rc.1"
  resolved "https://registry.yarnpkg.com/react-native-unimodules/-/react-native-unimodules-0.7.0-rc.1.tgz#537b9bb818418f398aa873cd3dbe959735c3a828"
  integrity sha512-qRKxMY5k7NVlHglOklUPbIawD1A6TujChe1S4tR+Yew+9SmE+JEUUhz1tjrVkOakpFOFAfiBk74Gh1KI9H0DtA==
  dependencies:
    "@unimodules/core" "~4.0.0"
    "@unimodules/react-native-adapter" "~5.0.0-alpha.0"
    chalk "^2.4.2"
    expo-app-loader-provider "~7.0.0"
    expo-asset "~7.0.0"
    expo-constants "~7.0.0"
    expo-file-system "~7.0.0"
    expo-permissions "~7.0.0"
    unimodules-barcode-scanner-interface "~4.0.0"
    unimodules-camera-interface "~4.0.0"
    unimodules-constants-interface "~4.0.0"
    unimodules-face-detector-interface "~4.0.0"
    unimodules-file-system-interface "~4.0.0"
    unimodules-font-interface "~4.0.0"
    unimodules-image-loader-interface "~4.0.0"
    unimodules-permissions-interface "~4.0.0"
    unimodules-sensors-interface "~4.0.0"
    unimodules-task-manager-interface "~4.0.0"

requires-port@^1.0.0:
  version "1.0.0"
  resolved "https://registry.yarnpkg.com/requires-port/-/requires-port-1.0.0.tgz#925d2601d39ac485e091cf0da5c6e694dc3dcaff"
  integrity sha1-kl0mAdOaxIXgkc8NpcbmlNw9yv8=

seedrandom@2.4.3:
  version "2.4.3"
  resolved "https://registry.yarnpkg.com/seedrandom/-/seedrandom-2.4.3.tgz#2438504dad33917314bff18ac4d794f16d6aaecc"
  integrity sha1-JDhQTa0zkXMUv/GKxNeU8W1qrsw=

supports-color@^5.3.0:
  version "5.5.0"
  resolved "https://registry.yarnpkg.com/supports-color/-/supports-color-5.5.0.tgz#e2e69a44ac8772f78a1ec0b35b689df6530efc8f"
  integrity sha512-QjVjwdXIt408MIiAqCX4oUKsgU2EqAGzs2Ppkm4aQYbjm+ZEWEcW4SfFNTr4uMNZma0ey4f5lgLrkB0aX0QMow==
  dependencies:
    has-flag "^3.0.0"

ua-parser-js@^0.7.19:
  version "0.7.20"
  resolved "https://registry.yarnpkg.com/ua-parser-js/-/ua-parser-js-0.7.20.tgz#7527178b82f6a62a0f243d1f94fd30e3e3c21098"
  integrity sha512-8OaIKfzL5cpx8eCMAhhvTlft8GYF8b2eQr6JkCyVdrgjcytyOmPCXrqXFcUnhonRpLlh5yxEZVohm6mzaowUOw==

unimodules-barcode-scanner-interface@~4.0.0:
  version "4.0.0"
  resolved "https://registry.yarnpkg.com/unimodules-barcode-scanner-interface/-/unimodules-barcode-scanner-interface-4.0.0.tgz#69c54ef0d25448dc380de9ca3b0cba3daa2a94c4"
  integrity sha512-XAW+8s7w/dQ514I/SPfBKHPmbaCOEpYAkdn1aaBoWocVfdvOKf8SqwHSIaP2W/SFUwWNRF4Wqv2HBt1dvuhSSg==

unimodules-camera-interface@~4.0.0:
  version "4.0.0"
  resolved "https://registry.yarnpkg.com/unimodules-camera-interface/-/unimodules-camera-interface-4.0.0.tgz#234c28f4d326ef3e30f15572c07e528557485619"
  integrity sha512-rEYD3mKarxzgiWWL8J0mPAxzV4i1WI9DsNMRxyV2T7qC/WWIucroZX72O1BkYjUbIKerGmJWeGYbWHheP4/rsA==

unimodules-constants-interface@~4.0.0:
  version "4.0.0"
  resolved "https://registry.yarnpkg.com/unimodules-constants-interface/-/unimodules-constants-interface-4.0.0.tgz#c71be663a442b43eed773451a4f366a1c47821ac"
  integrity sha512-FTM64GP+uawURWhuExrsCMebpcu0DdREUCuUmes5qd3/uTM2gqmhbm/ZwSKviH/ar4h630Fdb6P6v9o4MDInbA==

unimodules-face-detector-interface@~4.0.0:
  version "4.0.0"
  resolved "https://registry.yarnpkg.com/unimodules-face-detector-interface/-/unimodules-face-detector-interface-4.0.0.tgz#c68e44d5363d3dfea6f697d983254ac199555074"
  integrity sha512-ZFzqcNnJkBxvfdKCupvtQUj1yVJkzKivPGV6nydKZc9eJRLUgSXCUWtvXd0vaet1NSQqr2R3r6Ilvj0DzuCzUA==

unimodules-file-system-interface@~4.0.0:
  version "4.0.0"
  resolved "https://registry.yarnpkg.com/unimodules-file-system-interface/-/unimodules-file-system-interface-4.0.0.tgz#e8514882a81cd350b69c6026fd52b6d99ba289c9"
  integrity sha512-dDcKjArDwY3CXLlCL8tf9/JJG25K2lgtAL+560kqrftLu3pi0x5V7JmSDz52pJ4pLd5xL8s1Rzse+rIr5OpM3g==

unimodules-font-interface@~4.0.0:
  version "4.0.0"
  resolved "https://registry.yarnpkg.com/unimodules-font-interface/-/unimodules-font-interface-4.0.0.tgz#a72d7c75d81dface00c48f523730c15ddf10fbce"
  integrity sha512-RFD1H405kZy8oYcg7f9Krr+UTUn6EZTcqAb+wRL6Ex9TJmzmxJT6JZ0FsUMezOUEwrdvXRpArH4P1AadHlzzGA==

unimodules-image-loader-interface@~4.0.0:
  version "4.0.0"
  resolved "https://registry.yarnpkg.com/unimodules-image-loader-interface/-/unimodules-image-loader-interface-4.0.0.tgz#92452bfcba5e95b4fc3aba657a5863946d1ccf93"
  integrity sha512-tv7g1YmZq9ZnG/x9l3qSlpEn93ZuMD+FuQpOZj3/oGDkBlc27vtBSEi8lTySWb9U7UK+bNlHGFqf1lGZcFU1Ug==

unimodules-permissions-interface@~4.0.0:
  version "4.0.0"
  resolved "https://registry.yarnpkg.com/unimodules-permissions-interface/-/unimodules-permissions-interface-4.0.0.tgz#c5e044921f5d5867552c991100a5824962fd6b72"
  integrity sha512-bVZ6JQMO12WvAv6YqcHaPV5KekV7WH606eRiMJq5Qwm2z9yGSM+KaOxOH/n2LVcYckForphsCLf58OGVUtM65Q==

unimodules-sensors-interface@~4.0.0:
  version "4.0.0"
  resolved "https://registry.yarnpkg.com/unimodules-sensors-interface/-/unimodules-sensors-interface-4.0.0.tgz#7f8250b732f7aa0560e04537bea547f304f45c0b"
  integrity sha512-O7l+N2DLwviTc6gz/ptV7a930Sdo30AvzQLEJPHfqj4e9fCdbrHNrcPqiq0CLqHYYIsdpSDpC6wCWmepLaAgJQ==

unimodules-task-manager-interface@~4.0.0:
  version "4.0.0"
  resolved "https://registry.yarnpkg.com/unimodules-task-manager-interface/-/unimodules-task-manager-interface-4.0.0.tgz#2cf1949ef041ebbd6d9a32d799d1640e1d8f03d7"
  integrity sha512-c7x5hgEtT+oIVd37TBn2jxlTw2+Bgb55XZ2Md0AV5NCjeRlKw2bIBPwUvSdI1iAziSQOIGOImNaaIUo3L3zW3w==

url-parse@^1.4.4:
  version "1.4.7"
  resolved "https://registry.yarnpkg.com/url-parse/-/url-parse-1.4.7.tgz#a8a83535e8c00a316e403a5db4ac1b9b853ae278"
  integrity sha512-d3uaVyzDB9tQoSXFvuSUNFibTd9zxd2bkVrDRvF5TmvWWQwqE4lgYJ5m+x1DbecWkw+LK4RNl2CU1hHuOKPVlg==
  dependencies:
    querystringify "^2.1.1"
    requires-port "^1.0.0"

uuid-js@^0.7.5:
  version "0.7.5"
  resolved "https://registry.yarnpkg.com/uuid-js/-/uuid-js-0.7.5.tgz#6c886d02a53d2d40dcf25d91a170b4a7b25b94d0"
  integrity sha1-bIhtAqU9LUDc8l2RoXC0p7JblNA=
