# THIS IS AN AUTOGENERATED FILE. DO NOT EDIT THIS FILE DIRECTLY.
# yarn lockfile v1


hoist-non-react-statics@^2.3.1:
  version "2.5.5"
  resolved "https://registry.yarnpkg.com/hoist-non-react-statics/-/hoist-non-react-statics-2.5.5.tgz#c5903cf409c0dfd908f388e619d86b9c1174cb47"

react-native-popover-view@^2.0.5:
  version "2.0.5"
  resolved "https://registry.yarnpkg.com/react-native-popover-view/-/react-native-popover-view-2.0.5.tgz#402767a7ef791cb5ec5c035f51755e579b0eaee3"
  dependencies:
    react-native-safe-area-view "^0.14.6"

react-native-safe-area-view@^0.14.6:
  version "0.14.8"
  resolved "https://registry.yarnpkg.com/react-native-safe-area-view/-/react-native-safe-area-view-0.14.8.tgz#ef33c46ff8164ae77acad48c3039ec9c34873e5b"
  dependencies:
    hoist-non-react-statics "^2.3.1"
